
Microsoft Visual Studio Solution File, Format Version 12.00
# Visual Studio Version 17
VisualStudioVersion = 17.10.34928.147
MinimumVisualStudioVersion = 10.0.40219.1
Project("{2150E333-8FDC-42A3-9474-1A3956D46DE8}") = "src", "src", "{D3F24E77-7813-4E28-8195-702EADEC1573}"
EndProject
Project("{2150E333-8FDC-42A3-9474-1A3956D46DE8}") = "test", "test", "{30A93E4A-33D2-459C-8911-3A3327F08543}"
EndProject
Project("{9A19103F-16F7-4668-BE54-9A1E7A4F7556}") = "Looplex.DotNet.Services.ApiKeys.InMemory", "src\Looplex.DotNet.Services.ApiKeys.InMemory\Looplex.DotNet.Services.ApiKeys.InMemory.csproj", "{D2054BFA-7598-4964-BDA8-49D2C655ACF7}"
EndProject
Project("{FAE04EC0-301F-11D3-BF4B-00C04F79EFBC}") = "Looplex.DotNet.Services.ScimV2.InMemory", "src\Looplex.DotNet.Services.ScimV2.InMemory\Looplex.DotNet.Services.ScimV2.InMemory.csproj", "{528A6F2D-0EA1-408C-BFBF-4B084EBA35C7}"
EndProject
Project("{FAE04EC0-301F-11D3-BF4B-00C04F79EFBC}") = "Looplex.DotNet.Services.ScimV2.InMemory.UnitTests", "test\Looplex.DotNet.Services.ScimV2.InMemory.UnitTests\Looplex.DotNet.Services.ScimV2.InMemory.UnitTests.csproj", "{A77304D5-F0C5-4654-8DF3-082959B1C185}"
EndProject
Project("{FAE04EC0-301F-11D3-BF4B-00C04F79EFBC}") = "Looplex.DotNet.Services.ApiKeys.InMemory.UnitTests", "test\Looplex.DotNet.Services.ApiKeys.InMemory.UnitTests\Looplex.DotNet.Services.ApiKeys.InMemory.UnitTests.csproj", "{0F96A212-9481-4E47-BD64-AF4FD0EFB1C2}"
EndProject
Project("{FAE04EC0-301F-11D3-BF4B-00C04F79EFBC}") = "Looplex.DotNet.Services.Redis", "src\Looplex.DotNet.Services.Redis\Looplex.DotNet.Services.Redis.csproj", "{3D8FBCE8-AED0-49CB-A801-7E3E98F14D25}"
EndProject
Project("{FAE04EC0-301F-11D3-BF4B-00C04F79EFBC}") = "Looplex.DotNet.Services.SqlDatabases", "src\Looplex.DotNet.Services.SqlDatabases\Looplex.DotNet.Services.SqlDatabases.csproj", "{CAB80AA9-DD03-482C-8599-A1266128D0D3}"
EndProject
Project("{FAE04EC0-301F-11D3-BF4B-00C04F79EFBC}") = "Looplex.DotNet.Services.Redis.UnitTests", "test\Looplex.DotNet.Services.Redis.UnitTests\Looplex.DotNet.Services.Redis.UnitTests.csproj", "{DC98F05E-718E-4482-BBB0-DD194DC1B7CE}"
EndProject
Project("{FAE04EC0-301F-11D3-BF4B-00C04F79EFBC}") = "Looplex.DotNet.Services.SqlDatabases.UnitTests", "test\Looplex.DotNet.Services.SqlDatabases.UnitTests\Looplex.DotNet.Services.SqlDatabases.UnitTests.csproj", "{EDF72BD1-1CE0-4D87-91AC-92A9B95B3D98}"
EndProject
Project("{FAE04EC0-301F-11D3-BF4B-00C04F79EFBC}") = "Looplex.DotNet.Services.Rbac", "src\Looplex.DotNet.Services.Rbac\Looplex.DotNet.Services.Rbac.csproj", "{D5C01122-4C01-4631-8D2D-047425C48BC5}"
EndProject
Project("{FAE04EC0-301F-11D3-BF4B-00C04F79EFBC}") = "Looplex.DotNet.Services.Rbac.UnitTests", "test\Looplex.DotNet.Services.Rbac.UnitTests\Looplex.DotNet.Services.Rbac.UnitTests.csproj", "{40D000DD-B581-47AA-A478-4A16CEC25FAC}"
EndProject
Global
	GlobalSection(SolutionConfigurationPlatforms) = preSolution
		Debug|Any CPU = Debug|Any CPU
		Release|Any CPU = Release|Any CPU
	EndGlobalSection
	GlobalSection(ProjectConfigurationPlatforms) = postSolution
		{D2054BFA-7598-4964-BDA8-49D2C655ACF7}.Debug|Any CPU.ActiveCfg = Debug|Any CPU
		{D2054BFA-7598-4964-BDA8-49D2C655ACF7}.Debug|Any CPU.Build.0 = Debug|Any CPU
		{D2054BFA-7598-4964-BDA8-49D2C655ACF7}.Release|Any CPU.ActiveCfg = Release|Any CPU
		{D2054BFA-7598-4964-BDA8-49D2C655ACF7}.Release|Any CPU.Build.0 = Release|Any CPU
		{528A6F2D-0EA1-408C-BFBF-4B084EBA35C7}.Debug|Any CPU.ActiveCfg = Debug|Any CPU
		{528A6F2D-0EA1-408C-BFBF-4B084EBA35C7}.Debug|Any CPU.Build.0 = Debug|Any CPU
		{528A6F2D-0EA1-408C-BFBF-4B084EBA35C7}.Release|Any CPU.ActiveCfg = Release|Any CPU
		{528A6F2D-0EA1-408C-BFBF-4B084EBA35C7}.Release|Any CPU.Build.0 = Release|Any CPU
		{A77304D5-F0C5-4654-8DF3-082959B1C185}.Debug|Any CPU.ActiveCfg = Debug|Any CPU
		{A77304D5-F0C5-4654-8DF3-082959B1C185}.Debug|Any CPU.Build.0 = Debug|Any CPU
		{A77304D5-F0C5-4654-8DF3-082959B1C185}.Release|Any CPU.ActiveCfg = Release|Any CPU
		{A77304D5-F0C5-4654-8DF3-082959B1C185}.Release|Any CPU.Build.0 = Release|Any CPU
		{0F96A212-9481-4E47-BD64-AF4FD0EFB1C2}.Debug|Any CPU.ActiveCfg = Debug|Any CPU
		{0F96A212-9481-4E47-BD64-AF4FD0EFB1C2}.Debug|Any CPU.Build.0 = Debug|Any CPU
		{0F96A212-9481-4E47-BD64-AF4FD0EFB1C2}.Release|Any CPU.ActiveCfg = Release|Any CPU
		{0F96A212-9481-4E47-BD64-AF4FD0EFB1C2}.Release|Any CPU.Build.0 = Release|Any CPU
		{3D8FBCE8-AED0-49CB-A801-7E3E98F14D25}.Debug|Any CPU.ActiveCfg = Debug|Any CPU
		{3D8FBCE8-AED0-49CB-A801-7E3E98F14D25}.Debug|Any CPU.Build.0 = Debug|Any CPU
		{3D8FBCE8-AED0-49CB-A801-7E3E98F14D25}.Release|Any CPU.ActiveCfg = Release|Any CPU
		{3D8FBCE8-AED0-49CB-A801-7E3E98F14D25}.Release|Any CPU.Build.0 = Release|Any CPU
		{CAB80AA9-DD03-482C-8599-A1266128D0D3}.Debug|Any CPU.ActiveCfg = Debug|Any CPU
		{CAB80AA9-DD03-482C-8599-A1266128D0D3}.Debug|Any CPU.Build.0 = Debug|Any CPU
		{CAB80AA9-DD03-482C-8599-A1266128D0D3}.Release|Any CPU.ActiveCfg = Release|Any CPU
		{CAB80AA9-DD03-482C-8599-A1266128D0D3}.Release|Any CPU.Build.0 = Release|Any CPU
		{DC98F05E-718E-4482-BBB0-DD194DC1B7CE}.Debug|Any CPU.ActiveCfg = Debug|Any CPU
		{DC98F05E-718E-4482-BBB0-DD194DC1B7CE}.Debug|Any CPU.Build.0 = Debug|Any CPU
		{DC98F05E-718E-4482-BBB0-DD194DC1B7CE}.Release|Any CPU.ActiveCfg = Release|Any CPU
		{DC98F05E-718E-4482-BBB0-DD194DC1B7CE}.Release|Any CPU.Build.0 = Release|Any CPU
		{EDF72BD1-1CE0-4D87-91AC-92A9B95B3D98}.Debug|Any CPU.ActiveCfg = Debug|Any CPU
		{EDF72BD1-1CE0-4D87-91AC-92A9B95B3D98}.Debug|Any CPU.Build.0 = Debug|Any CPU
		{EDF72BD1-1CE0-4D87-91AC-92A9B95B3D98}.Release|Any CPU.ActiveCfg = Release|Any CPU
		{EDF72BD1-1CE0-4D87-91AC-92A9B95B3D98}.Release|Any CPU.Build.0 = Release|Any CPU
		{D5C01122-4C01-4631-8D2D-047425C48BC5}.Debug|Any CPU.ActiveCfg = Debug|Any CPU
		{D5C01122-4C01-4631-8D2D-047425C48BC5}.Debug|Any CPU.Build.0 = Debug|Any CPU
		{D5C01122-4C01-4631-8D2D-047425C48BC5}.Release|Any CPU.ActiveCfg = Release|Any CPU
		{D5C01122-4C01-4631-8D2D-047425C48BC5}.Release|Any CPU.Build.0 = Release|Any CPU
		{40D000DD-B581-47AA-A478-4A16CEC25FAC}.Debug|Any CPU.ActiveCfg = Debug|Any CPU
		{40D000DD-B581-47AA-A478-4A16CEC25FAC}.Debug|Any CPU.Build.0 = Debug|Any CPU
		{40D000DD-B581-47AA-A478-4A16CEC25FAC}.Release|Any CPU.ActiveCfg = Release|Any CPU
		{40D000DD-B581-47AA-A478-4A16CEC25FAC}.Release|Any CPU.Build.0 = Release|Any CPU
	EndGlobalSection
	GlobalSection(SolutionProperties) = preSolution
		HideSolutionNode = FALSE
	EndGlobalSection
	GlobalSection(NestedProjects) = preSolution
		{D2054BFA-7598-4964-BDA8-49D2C655ACF7} = {D3F24E77-7813-4E28-8195-702EADEC1573}
		{528A6F2D-0EA1-408C-BFBF-4B084EBA35C7} = {D3F24E77-7813-4E28-8195-702EADEC1573}
		{A77304D5-F0C5-4654-8DF3-082959B1C185} = {30A93E4A-33D2-459C-8911-3A3327F08543}
		{0F96A212-9481-4E47-BD64-AF4FD0EFB1C2} = {30A93E4A-33D2-459C-8911-3A3327F08543}
		{3D8FBCE8-AED0-49CB-A801-7E3E98F14D25} = {D3F24E77-7813-4E28-8195-702EADEC1573}
		{CAB80AA9-DD03-482C-8599-A1266128D0D3} = {D3F24E77-7813-4E28-8195-702EADEC1573}
		{DC98F05E-718E-4482-BBB0-DD194DC1B7CE} = {30A93E4A-33D2-459C-8911-3A3327F08543}
		{EDF72BD1-1CE0-4D87-91AC-92A9B95B3D98} = {30A93E4A-33D2-459C-8911-3A3327F08543}
		{D5C01122-4C01-4631-8D2D-047425C48BC5} = {D3F24E77-7813-4E28-8195-702EADEC1573}
		{40D000DD-B581-47AA-A478-4A16CEC25FAC} = {30A93E4A-33D2-459C-8911-3A3327F08543}
	EndGlobalSection
	GlobalSection(ExtensibilityGlobals) = postSolution
		SolutionGuid = {8113699D-9BAD-41E1-A9A8-FA3CF7718C2C}
	EndGlobalSection
EndGlobal
